// !$*UTF8*$!
{
	archiveVersion = 1;
	classes = {
	};
	objectVersion = 50;
	objects = {

/* Begin PBXBuildFile section */
		0FD8A582216D2116004B427E /* AppDelegate.swift in Sources */ = {isa = PBXBuildFile; fileRef = 0FD8A581216D2116004B427E /* AppDelegate.swift */; };
		0FD8A584216D2116004B427E /* ViewController.swift in Sources */ = {isa = PBXBuildFile; fileRef = 0FD8A583216D2116004B427E /* ViewController.swift */; };
		0FD8A587216D2116004B427E /* Main.storyboard in Resources */ = {isa = PBXBuildFile; fileRef = 0FD8A585216D2116004B427E /* Main.storyboard */; };
		0FD8A589216D2118004B427E /* Assets.xcassets in Resources */ = {isa = PBXBuildFile; fileRef = 0FD8A588216D2118004B427E /* Assets.xcassets */; };
		0FD8A58C216D2118004B427E /* LaunchScreen.storyboard in Resources */ = {isa = PBXBuildFile; fileRef = 0FD8A58A216D2118004B427E /* LaunchScreen.storyboard */; };
		0FD8A597216D2118004B427E /* IOSFirstTests.swift in Sources */ = {isa = PBXBuildFile; fileRef = 0FD8A596216D2118004B427E /* IOSFirstTests.swift */; };
		0FD8A5A2216D2118004B427E /* IOSFirstUITests.swift in Sources */ = {isa = PBXBuildFile; fileRef = 0FD8A5A1216D2118004B427E /* IOSFirstUITests.swift */; };
/* End PBXBuildFile section */

/* Begin PBXContainerItemProxy section */
		0FD8A593216D2118004B427E /* PBXContainerItemProxy */ = {
			isa = PBXContainerItemProxy;
			containerPortal = 0FD8A576216D2116004B427E /* Project object */;
			proxyType = 1;
			remoteGlobalIDString = 0FD8A57D216D2116004B427E;
			remoteInfo = IOSFirst;
		};
		0FD8A59E216D2118004B427E /* PBXContainerItemProxy */ = {
			isa = PBXContainerItemProxy;
			containerPortal = 0FD8A576216D2116004B427E /* Project object */;
			proxyType = 1;
			remoteGlobalIDString = 0FD8A57D216D2116004B427E;
			remoteInfo = IOSFirst;
		};
/* End PBXContainerItemProxy section */

/* Begin PBXFileReference section */
		0FD8A57E216D2116004B427E /* IOSFirst.app */ = {isa = PBXFileReference; explicitFileType = wrapper.application; includeInIndex = 0; path = IOSFirst.app; sourceTree = BUILT_PRODUCTS_DIR; };
		0FD8A581216D2116004B427E /* AppDelegate.swift */ = {isa = PBXFileReference; lastKnownFileType = sourcecode.swift; path = AppDelegate.swift; sourceTree = "<group>"; };
		0FD8A583216D2116004B427E /* ViewController.swift */ = {isa = PBXFileReference; lastKnownFileType = sourcecode.swift; path = ViewController.swift; sourceTree = "<group>"; };
		0FD8A586216D2116004B427E /* Base */ = {isa = PBXFileReference; lastKnownFileType = file.storyboard; name = Base; path = Base.lproj/Main.storyboard; sourceTree = "<group>"; };
		0FD8A588216D2118004B427E /* Assets.xcassets */ = {isa = PBXFileReference; lastKnownFileType = folder.assetcatalog; path = Assets.xcassets; sourceTree = "<group>"; };
		0FD8A58B216D2118004B427E /* Base */ = {isa = PBXFileReference; lastKnownFileType = file.storyboard; name = Base; path = Base.lproj/LaunchScreen.storyboard; sourceTree = "<group>"; };
		0FD8A58D216D2118004B427E /* Info.plist */ = {isa = PBXFileReference; lastKnownFileType = text.plist.xml; path = Info.plist; sourceTree = "<group>"; };
		0FD8A592216D2118004B427E /* IOSFirstTests.xctest */ = {isa = PBXFileReference; explicitFileType = wrapper.cfbundle; includeInIndex = 0; path = IOSFirstTests.xctest; sourceTree = BUILT_PRODUCTS_DIR; };
		0FD8A596216D2118004B427E /* IOSFirstTests.swift */ = {isa = PBXFileReference; lastKnownFileType = sourcecode.swift; path = IOSFirstTests.swift; sourceTree = "<group>"; };
		0FD8A598216D2118004B427E /* Info.plist */ = {isa = PBXFileReference; lastKnownFileType = text.plist.xml; path = Info.plist; sourceTree = "<group>"; };
		0FD8A59D216D2118004B427E /* IOSFirstUITests.xctest */ = {isa = PBXFileReference; explicitFileType = wrapper.cfbundle; includeInIndex = 0; path = IOSFirstUITests.xctest; sourceTree = BUILT_PRODUCTS_DIR; };
		0FD8A5A1216D2118004B427E /* IOSFirstUITests.swift */ = {isa = PBXFileReference; lastKnownFileType = sourcecode.swift; path = IOSFirstUITests.swift; sourceTree = "<group>"; };
		0FD8A5A3216D2118004B427E /* Info.plist */ = {isa = PBXFileReference; lastKnownFileType = text.plist.xml; path = Info.plist; sourceTree = "<group>"; };
/* End PBXFileReference section */

/* Begin PBXFrameworksBuildPhase section */
		0FD8A57B216D2116004B427E /* Frameworks */ = {
			isa = PBXFrameworksBuildPhase;
			buildActionMask = 2147483647;
			files = (
			);
			runOnlyForDeploymentPostprocessing = 0;
		};
		0FD8A58F216D2118004B427E /* Frameworks */ = {
			isa = PBXFrameworksBuildPhase;
			buildActionMask = 2147483647;
			files = (
			);
			runOnlyForDeploymentPostprocessing = 0;
		};
		0FD8A59A216D2118004B427E /* Frameworks */ = {
			isa = PBXFrameworksBuildPhase;
			buildActionMask = 2147483647;
			files = (
			);
			runOnlyForDeploymentPostprocessing = 0;
		};
/* End PBXFrameworksBuildPhase section */

/* Begin PBXGroup section */
		0FD8A575216D2116004B427E = {
			isa = PBXGroup;
			children = (
				0FD8A580216D2116004B427E /* IOSFirst */,
				0FD8A595216D2118004B427E /* IOSFirstTests */,
				0FD8A5A0216D2118004B427E /* IOSFirstUITests */,
				0FD8A57F216D2116004B427E /* Products */,
			);
			sourceTree = "<group>";
		};
		0FD8A57F216D2116004B427E /* Products */ = {
			isa = PBXGroup;
			children = (
				0FD8A57E216D2116004B427E /* IOSFirst.app */,
				0FD8A592216D2118004B427E /* IOSFirstTests.xctest */,
				0FD8A59D216D2118004B427E /* IOSFirstUITests.xctest */,
			);
			name = Products;
			sourceTree = "<group>";
		};
		0FD8A580216D2116004B427E /* IOSFirst */ = {
			isa = PBXGroup;
			children = (
				0FD8A581216D2116004B427E /* AppDelegate.swift */,
				0FD8A583216D2116004B427E /* ViewController.swift */,
				0FD8A585216D2116004B427E /* Main.storyboard */,
				0FD8A588216D2118004B427E /* Assets.xcassets */,
				0FD8A58A216D2118004B427E /* LaunchScreen.storyboard */,
				0FD8A58D216D2118004B427E /* Info.plist */,
			);
			path = IOSFirst;
			sourceTree = "<group>";
		};
		0FD8A595216D2118004B427E /* IOSFirstTests */ = {
			isa = PBXGroup;
			children = (
				0FD8A596216D2118004B427E /* IOSFirstTests.swift */,
				0FD8A598216D2118004B427E /* Info.plist */,
			);
			path = IOSFirstTests;
			sourceTree = "<group>";
		};
		0FD8A5A0216D2118004B427E /* IOSFirstUITests */ = {
			isa = PBXGroup;
			children = (
				0FD8A5A1216D2118004B427E /* IOSFirstUITests.swift */,
				0FD8A5A3216D2118004B427E /* Info.plist */,
			);
			path = IOSFirstUITests;
			sourceTree = "<group>";
		};
/* End PBXGroup section */

/* Begin PBXNativeTarget section */
		0FD8A57D216D2116004B427E /* IOSFirst */ = {
			isa = PBXNativeTarget;
			buildConfigurationList = 0FD8A5A6216D2118004B427E /* Build configuration list for PBXNativeTarget "IOSFirst" */;
			buildPhases = (
				0FD8A57A216D2116004B427E /* Sources */,
				0FD8A57B216D2116004B427E /* Frameworks */,
				0FD8A57C216D2116004B427E /* Resources */,
			);
			buildRules = (
			);
			dependencies = (
			);
			name = IOSFirst;
			productName = IOSFirst;
			productReference = 0FD8A57E216D2116004B427E /* IOSFirst.app */;
			productType = "com.apple.product-type.application";
		};
		0FD8A591216D2118004B427E /* IOSFirstTests */ = {
			isa = PBXNativeTarget;
			buildConfigurationList = 0FD8A5A9216D2118004B427E /* Build configuration list for PBXNativeTarget "IOSFirstTests" */;
			buildPhases = (
				0FD8A58E216D2118004B427E /* Sources */,
				0FD8A58F216D2118004B427E /* Frameworks */,
				0FD8A590216D2118004B427E /* Resources */,
			);
			buildRules = (
			);
			dependencies = (
				0FD8A594216D2118004B427E /* PBXTargetDependency */,
			);
			name = IOSFirstTests;
			productName = IOSFirstTests;
			productReference = 0FD8A592216D2118004B427E /* IOSFirstTests.xctest */;
			productType = "com.apple.product-type.bundle.unit-test";
		};
		0FD8A59C216D2118004B427E /* IOSFirstUITests */ = {
			isa = PBXNativeTarget;
			buildConfigurationList = 0FD8A5AC216D2118004B427E /* Build configuration list for PBXNativeTarget "IOSFirstUITests" */;
			buildPhases = (
				0FD8A599216D2118004B427E /* Sources */,
				0FD8A59A216D2118004B427E /* Frameworks */,
				0FD8A59B216D2118004B427E /* Resources */,
			);
			buildRules = (
			);
			dependencies = (
				0FD8A59F216D2118004B427E /* PBXTargetDependency */,
			);
			name = IOSFirstUITests;
			productName = IOSFirstUITests;
			productReference = 0FD8A59D216D2118004B427E /* IOSFirstUITests.xctest */;
			productType = "com.apple.product-type.bundle.ui-testing";
		};
/* End PBXNativeTarget section */

/* Begin PBXProject section */
		0FD8A576216D2116004B427E /* Project object */ = {
			isa = PBXProject;
			attributes = {
				LastSwiftUpdateCheck = 0940;
				LastUpgradeCheck = 0940;
				ORGANIZATIONNAME = "CTEC CSP";
				TargetAttributes = {
					0FD8A57D216D2116004B427E = {
						CreatedOnToolsVersion = 9.4.1;
					};
					0FD8A591216D2118004B427E = {
						CreatedOnToolsVersion = 9.4.1;
						TestTargetID = 0FD8A57D216D2116004B427E;
					};
					0FD8A59C216D2118004B427E = {
						CreatedOnToolsVersion = 9.4.1;
						TestTargetID = 0FD8A57D216D2116004B427E;
					};
				};
			};
			buildConfigurationList = 0FD8A579216D2116004B427E /* Build configuration list for PBXProject "IOSFirst" */;
			compatibilityVersion = "Xcode 9.3";
			developmentRegion = en;
			hasScannedForEncodings = 0;
			knownRegions = (
				en,
				Base,
			);
			mainGroup = 0FD8A575216D2116004B427E;
			productRefGroup = 0FD8A57F216D2116004B427E /* Products */;
			projectDirPath = "";
			projectRoot = "";
			targets = (
				0FD8A57D216D2116004B427E /* IOSFirst */,
				0FD8A591216D2118004B427E /* IOSFirstTests */,
				0FD8A59C216D2118004B427E /* IOSFirstUITests */,
			);
		};
/* End PBXProject section */

/* Begin PBXResourcesBuildPhase section */
		0FD8A57C216D2116004B427E /* Resources */ = {
			isa = PBXResourcesBuildPhase;
			buildActionMask = 2147483647;
			files = (
				0FD8A58C216D2118004B427E /* LaunchScreen.storyboard in Resources */,
				0FD8A589216D2118004B427E /* Assets.xcassets in Resources */,
				0FD8A587216D2116004B427E /* Main.storyboard in Resources */,
			);
			runOnlyForDeploymentPostprocessing = 0;
		};
		0FD8A590216D2118004B427E /* Resources */ = {
			isa = PBXResourcesBuildPhase;
			buildActionMask = 2147483647;
			files = (
			);
			runOnlyForDeploymentPostprocessing = 0;
		};
		0FD8A59B216D2118004B427E /* Resources */ = {
			isa = PBXResourcesBuildPhase;
			buildActionMask = 2147483647;
			files = (
			);
			runOnlyForDeploymentPostprocessing = 0;
		};
/* End PBXResourcesBuildPhase section */

/* Begin PBXSourcesBuildPhase section */
		0FD8A57A216D2116004B427E /* Sources */ = {
			isa = PBXSourcesBuildPhase;
			buildActionMask = 2147483647;
			files = (
				0FD8A584216D2116004B427E /* ViewController.swift in Sources */,
				0FD8A582216D2116004B427E /* AppDelegate.swift in Sources */,
			);
			runOnlyForDeploymentPostprocessing = 0;
		};
		0FD8A58E216D2118004B427E /* Sources */ = {
			isa = PBXSourcesBuildPhase;
			buildActionMask = 2147483647;
			files = (
				0FD8A597216D2118004B427E /* IOSFirstTests.swift in Sources */,
			);
			runOnlyForDeploymentPostprocessing = 0;
		};
		0FD8A599216D2118004B427E /* Sources */ = {
			isa = PBXSourcesBuildPhase;
			buildActionMask = 2147483647;
			files = (
				0FD8A5A2216D2118004B427E /* IOSFirstUITests.swift in Sources */,
			);
			runOnlyForDeploymentPostprocessing = 0;
		};
/* End PBXSourcesBuildPhase section */

/* Begin PBXTargetDependency section */
		0FD8A594216D2118004B427E /* PBXTargetDependency */ = {
			isa = PBXTargetDependency;
			target = 0FD8A57D216D2116004B427E /* IOSFirst */;
			targetProxy = 0FD8A593216D2118004B427E /* PBXContainerItemProxy */;
		};
		0FD8A59F216D2118004B427E /* PBXTargetDependency */ = {
			isa = PBXTargetDependency;
			target = 0FD8A57D216D2116004B427E /* IOSFirst */;
			targetProxy = 0FD8A59E216D2118004B427E /* PBXContainerItemProxy */;
		};
/* End PBXTargetDependency section */

/* Begin PBXVariantGroup section */
		0FD8A585216D2116004B427E /* Main.storyboard */ = {
			isa = PBXVariantGroup;
			children = (
				0FD8A586216D2116004B427E /* Base */,
			);
			name = Main.storyboard;
			sourceTree = "<group>";
		};
		0FD8A58A216D2118004B427E /* LaunchScreen.storyboard */ = {
			isa = PBXVariantGroup;
			children = (
				0FD8A58B216D2118004B427E /* Base */,
			);
			name = LaunchScreen.storyboard;
			sourceTree = "<group>";
		};
/* End PBXVariantGroup section */

/* Begin XCBuildConfiguration section */
		0FD8A5A4216D2118004B427E /* Debug */ = {
			isa = XCBuildConfiguration;
			buildSettings = {
				ALWAYS_SEARCH_USER_PATHS = NO;
				CLANG_ANALYZER_NONNULL = YES;
				CLANG_ANALYZER_NUMBER_OBJECT_CONVERSION = YES_AGGRESSIVE;
				CLANG_CXX_LANGUAGE_STANDARD = "gnu++14";
				CLANG_CXX_LIBRARY = "libc++";
				CLANG_ENABLE_MODULES = YES;
				CLANG_ENABLE_OBJC_ARC = YES;
				CLANG_ENABLE_OBJC_WEAK = YES;
				CLANG_WARN_BLOCK_CAPTURE_AUTORELEASING = YES;
				CLANG_WARN_BOOL_CONVERSION = YES;
				CLANG_WARN_COMMA = YES;
				CLANG_WARN_CONSTANT_CONVERSION = YES;
				CLANG_WARN_DEPRECATED_OBJC_IMPLEMENTATIONS = YES;
				CLANG_WARN_DIRECT_OBJC_ISA_USAGE = YES_ERROR;
				CLANG_WARN_DOCUMENTATION_COMMENTS = YES;
				CLANG_WARN_EMPTY_BODY = YES;
				CLANG_WARN_ENUM_CONVERSION = YES;
				CLANG_WARN_INFINITE_RECURSION = YES;
				CLANG_WARN_INT_CONVERSION = YES;
				CLANG_WARN_NON_LITERAL_NULL_CONVERSION = YES;
				CLANG_WARN_OBJC_IMPLICIT_RETAIN_SELF = YES;
				CLANG_WARN_OBJC_LITERAL_CONVERSION = YES;
				CLANG_WARN_OBJC_ROOT_CLASS = YES_ERROR;
				CLANG_WARN_RANGE_LOOP_ANALYSIS = YES;
				CLANG_WARN_STRICT_PROTOTYPES = YES;
				CLANG_WARN_SUSPICIOUS_MOVE = YES;
				CLANG_WARN_UNGUARDED_AVAILABILITY = YES_AGGRESSIVE;
				CLANG_WARN_UNREACHABLE_CODE = YES;
				CLANG_WARN__DUPLICATE_METHOD_MATCH = YES;
				CODE_SIGN_IDENTITY = "iPhone Developer";
				COPY_PHASE_STRIP = NO;
				DEBUG_INFORMATION_FORMAT = dwarf;
				ENABLE_STRICT_OBJC_MSGSEND = YES;
				ENABLE_TESTABILITY = YES;
				GCC_C_LANGUAGE_STANDARD = gnu11;
				GCC_DYNAMIC_NO_PIC = NO;
				GCC_NO_COMMON_BLOCKS = YES;
				GCC_OPTIMIZATION_LEVEL = 0;
				GCC_PREPROCESSOR_DEFINITIONS = (
					"DEBUG=1",
					"$(inherited)",
				);
				GCC_WARN_64_TO_32_BIT_CONVERSION = YES;
				GCC_WARN_ABOUT_RETURN_TYPE = YES_ERROR;
				GCC_WARN_UNDECLARED_SELECTOR = YES;
				GCC_WARN_UNINITIALIZED_AUTOS = YES_AGGRESSIVE;
				GCC_WARN_UNUSED_FUNCTION = YES;
				GCC_WARN_UNUSED_VARIABLE = YES;
				IPHONEOS_DEPLOYMENT_TARGET = 11.4;
				MTL_ENABLE_DEBUG_INFO = YES;
				ONLY_ACTIVE_ARCH = YES;
				SDKROOT = iphoneos;
				SWIFT_ACTIVE_COMPILATION_CONDITIONS = DEBUG;
				SWIFT_OPTIMIZATION_LEVEL = "-Onone";
			};
			name = Debug;
		};
		0FD8A5A5216D2118004B427E /* Release */ = {
			isa = XCBuildConfiguration;
			buildSettings = {
				ALWAYS_SEARCH_USER_PATHS = NO;
				CLANG_ANALYZER_NONNULL = YES;
				CLANG_ANALYZER_NUMBER_OBJECT_CONVERSION = YES_AGGRESSIVE;
				CLANG_CXX_LANGUAGE_STANDARD = "gnu++14";
				CLANG_CXX_LIBRARY = "libc++";
				CLANG_ENABLE_MODULES = YES;
				CLANG_ENABLE_OBJC_ARC = YES;
				CLANG_ENABLE_OBJC_WEAK = YES;
				CLANG_WARN_BLOCK_CAPTURE_AUTORELEASING = YES;
				CLANG_WARN_BOOL_CONVERSION = YES;
				CLANG_WARN_COMMA = YES;
				CLANG_WARN_CONSTANT_CONVERSION = YES;
				CLANG_WARN_DEPRECATED_OBJC_IMPLEMENTATIONS = YES;
				CLANG_WARN_DIRECT_OBJC_ISA_USAGE = YES_ERROR;
				CLANG_WARN_DOCUMENTATION_COMMENTS = YES;
				CLANG_WARN_EMPTY_BODY = YES;
				CLANG_WARN_ENUM_CONVERSION = YES;
				CLANG_WARN_INFINITE_RECURSION = YES;
				CLANG_WARN_INT_CONVERSION = YES;
				CLANG_WARN_NON_LITERAL_NULL_CONVERSION = YES;
				CLANG_WARN_OBJC_IMPLICIT_RETAIN_SELF = YES;
				CLANG_WARN_OBJC_LITERAL_CONVERSION = YES;
				CLANG_WARN_OBJC_ROOT_CLASS = YES_ERROR;
				CLANG_WARN_RANGE_LOOP_ANALYSIS = YES;
				CLANG_WARN_STRICT_PROTOTYPES = YES;
				CLANG_WARN_SUSPICIOUS_MOVE = YES;
				CLANG_WARN_UNGUARDED_AVAILABILITY = YES_AGGRESSIVE;
				CLANG_WARN_UNREACHABLE_CODE = YES;
				CLANG_WARN__DUPLICATE_METHOD_MATCH = YES;
				CODE_SIGN_IDENTITY = "iPhone Developer";
				COPY_PHASE_STRIP = NO;
				DEBUG_INFORMATION_FORMAT = "dwarf-with-dsym";
				ENABLE_NS_ASSERTIONS = NO;
				ENABLE_STRICT_OBJC_MSGSEND = YES;
				GCC_C_LANGUAGE_STANDARD = gnu11;
				GCC_NO_COMMON_BLOCKS = YES;
				GCC_WARN_64_TO_32_BIT_CONVERSION = YES;
				GCC_WARN_ABOUT_RETURN_TYPE = YES_ERROR;
				GCC_WARN_UNDECLARED_SELECTOR = YES;
				GCC_WARN_UNINITIALIZED_AUTOS = YES_AGGRESSIVE;
				GCC_WARN_UNUSED_FUNCTION = YES;
				GCC_WARN_UNUSED_VARIABLE = YES;
				IPHONEOS_DEPLOYMENT_TARGET = 11.4;
				MTL_ENABLE_DEBUG_INFO = NO;
				SDKROOT = iphoneos;
				SWIFT_COMPILATION_MODE = wholemodule;
				SWIFT_OPTIMIZATION_LEVEL = "-O";
				VALIDATE_PRODUCT = YES;
			};
			name = Release;
		};
		0FD8A5A7216D2118004B427E /* Debug */ = {
			isa = XCBuildConfiguration;
			buildSettings = {
				ASSETCATALOG_COMPILER_APPICON_NAME = AppIcon;
				CODE_SIGN_STYLE = Automatic;
				INFOPLIST_FILE = IOSFirst/Info.plist;
				LD_RUNPATH_SEARCH_PATHS = (
					"$(inherited)",
					"@executable_path/Frameworks",
				);
				PRODUCT_BUNDLE_IDENTIFIER = CTEC.IOSFirst;
				PRODUCT_NAME = "$(TARGET_NAME)";
				SWIFT_VERSION = 4.0;
				TARGETED_DEVICE_FAMILY = "1,2";
			};
			name = Debug;
		};
		0FD8A5A8216D2118004B427E /* Release */ = {
			isa = XCBuildConfiguration;
			buildSettings = {
				ASSETCATALOG_COMPILER_APPICON_NAME = AppIcon;
				CODE_SIGN_STYLE = Automatic;
				INFOPLIST_FILE = IOSFirst/Info.plist;
				LD_RUNPATH_SEARCH_PATHS = (
					"$(inherited)",
					"@executable_path/Frameworks",
				);
				PRODUCT_BUNDLE_IDENTIFIER = CTEC.IOSFirst;
				PRODUCT_NAME = "$(TARGET_NAME)";
				SWIFT_VERSION = 4.0;
				TARGETED_DEVICE_FAMILY = "1,2";
			};
			name = Release;
		};
		0FD8A5AA216D2118004B427E /* Debug */ = {
			isa = XCBuildConfiguration;
			buildSettings = {
				ALWAYS_EMBED_SWIFT_STANDARD_LIBRARIES = YES;
				BUNDLE_LOADER = "$(TEST_HOST)";
				CODE_SIGN_STYLE = Automatic;
				INFOPLIST_FILE = IOSFirstTests/Info.plist;
				LD_RUNPATH_SEARCH_PATHS = (
					"$(inherited)",
					"@executable_path/Frameworks",
					"@loader_path/Frameworks",
				);
				PRODUCT_BUNDLE_IDENTIFIER = CTEC.IOSFirstTests;
				PRODUCT_NAME = "$(TARGET_NAME)";
				SWIFT_VERSION = 4.0;
				TARGETED_DEVICE_FAMILY = "1,2";
				TEST_HOST = "$(BUILT_PRODUCTS_DIR)/IOSFirst.app/IOSFirst";
			};
			name = Debug;
		};
		0FD8A5AB216D2118004B427E /* Release */ = {
			isa = XCBuildConfiguration;
			buildSettings = {
				ALWAYS_EMBED_SWIFT_STANDARD_LIBRARIES = YES;
				BUNDLE_LOADER = "$(TEST_HOST)";
				CODE_SIGN_STYLE = Automatic;
				INFOPLIST_FILE = IOSFirstTests/Info.plist;
				LD_RUNPATH_SEARCH_PATHS = (
					"$(inherited)",
					"@executable_path/Frameworks",
					"@loader_path/Frameworks",
				);
				PRODUCT_BUNDLE_IDENTIFIER = CTEC.IOSFirstTests;
				PRODUCT_NAME = "$(TARGET_NAME)";
				SWIFT_VERSION = 4.0;
				TARGETED_DEVICE_FAMILY = "1,2";
				TEST_HOST = "$(BUILT_PRODUCTS_DIR)/IOSFirst.app/IOSFirst";
			};
			name = Release;
		};
		0FD8A5AD216D2118004B427E /* Debug */ = {
			isa = XCBuildConfiguration;
			buildSettings = {
				ALWAYS_EMBED_SWIFT_STANDARD_LIBRARIES = YES;
				CODE_SIGN_STYLE = Automatic;
				INFOPLIST_FILE = IOSFirstUITests/Info.plist;
				LD_RUNPATH_SEARCH_PATHS = (
					"$(inherited)",
					"@executable_path/Frameworks",
					"@loader_path/Frameworks",
				);
				PRODUCT_BUNDLE_IDENTIFIER = CTEC.IOSFirstUITests;
				PRODUCT_NAME = "$(TARGET_NAME)";
				SWIFT_VERSION = 4.0;
				TARGETED_DEVICE_FAMILY = "1,2";
				TEST_TARGET_NAME = IOSFirst;
			};
			name = Debug;
		};
		0FD8A5AE216D2118004B427E /* Release */ = {
			isa = XCBuildConfiguration;
			buildSettings = {
				ALWAYS_EMBED_SWIFT_STANDARD_LIBRARIES = YES;
				CODE_SIGN_STYLE = Automatic;
				INFOPLIST_FILE = IOSFirstUITests/Info.plist;
				LD_RUNPATH_SEARCH_PATHS = (
					"$(inherited)",
					"@executable_path/Frameworks",
					"@loader_path/Frameworks",
				);
				PRODUCT_BUNDLE_IDENTIFIER = CTEC.IOSFirstUITests;
				PRODUCT_NAME = "$(TARGET_NAME)";
				SWIFT_VERSION = 4.0;
				TARGETED_DEVICE_FAMILY = "1,2";
				TEST_TARGET_NAME = IOSFirst;
			};
			name = Release;
		};
/* End XCBuildConfiguration section */

/* Begin XCConfigurationList section */
		0FD8A579216D2116004B427E /* Build configuration list for PBXProject "IOSFirst" */ = {
			isa = XCConfigurationList;
			buildConfigurations = (
				0FD8A5A4216D2118004B427E /* Debug */,
				0FD8A5A5216D2118004B427E /* Release */,
			);
			defaultConfigurationIsVisible = 0;
			defaultConfigurationName = Release;
		};
		0FD8A5A6216D2118004B427E /* Build configuration list for PBXNativeTarget "IOSFirst" */ = {
			isa = XCConfigurationList;
			buildConfigurations = (
				0FD8A5A7216D2118004B427E /* Debug */,
				0FD8A5A8216D2118004B427E /* Release */,
			);
			defaultConfigurationIsVisible = 0;
			defaultConfigurationName = Release;
		};
		0FD8A5A9216D2118004B427E /* Build configuration list for PBXNativeTarget "IOSFirstTests" */ = {
			isa = XCConfigurationList;
			buildConfigurations = (
				0FD8A5AA216D2118004B427E /* Debug */,
				0FD8A5AB216D2118004B427E /* Release */,
			);
			defaultConfigurationIsVisible = 0;
			defaultConfigurationName = Release;
		};
		0FD8A5AC216D2118004B427E /* Build configuration list for PBXNativeTarget "IOSFirstUITests" */ = {
			isa = XCConfigurationList;
			buildConfigurations = (
				0FD8A5AD216D2118004B427E /* Debug */,
				0FD8A5AE216D2118004B427E /* Release */,
			);
			defaultConfigurationIsVisible = 0;
			defaultConfigurationName = Release;
		};
/* End XCConfigurationList section */
	};
	rootObject = 0FD8A576216D2116004B427E /* Project object */;
}
